# This file was autogenerated by Stack.
# You should not edit this file by hand.
# For more information, please see the documentation at:
#   https://docs.haskellstack.org/en/stable/lock_files

packages: []
snapshots:
- completed:
    sha256: 0a8278a8c9f33fbdaa40167e035065a7ca8ed61d89fec21236b888c470dab3f0
    size: 625218
    url: https://raw.githubusercontent.com/commercialhaskell/stackage-snapshots/master/nightly/2023/5/8.yaml
  original: nightly-2023-05-08
