# This file was autogenerated by Stack.
# You should not edit this file by hand.
# For more information, please see the documentation at:
#   https://docs.haskellstack.org/en/stable/lock_files

packages: []
snapshots:
- completed:
    sha256: 0d61fd2be255f5c425cd92dbb4a78d1f70af2c138f3ec921e98b97ae182b044c
    size: 679291
    url: https://raw.githubusercontent.com/commercialhaskell/stackage-snapshots/master/lts/23/4.yaml
  original: lts-23.4
