# This file was autogenerated by Stack.
# You should not edit this file by hand.
# For more information, please see the documentation at:
#   https://docs.haskellstack.org/en/stable/lock_files

packages:
- completed:
    cabal-file:
      size: 5029
      sha256: 447d39db6cd093dfdc1cd149569916b8ebc41358033bd732002c09290fb93ece
    name: inspection-testing
    version: '0.3'
    git: https://github.com/nomeata/inspection-testing.git
    pantry-tree:
      size: 1855
      sha256: 0147d3abe425377dba571d0c392da457885d7aa6e9eae0bd4dbee177a1b2b360
    commit: 0961c2620728fae6105a8d0c14c40a8e7729a3e8
  original:
    git: https://github.com/nomeata/inspection-testing.git
    commit: 0961c2620728fae6105a8d0c14c40a8e7729a3e8
snapshots:
- completed:
    size: 491372
    url: https://raw.githubusercontent.com/commercialhaskell/stackage-snapshots/master/lts/15/2.yaml
    sha256: a98d091d911606d0d8adccbeb811b81bbd8cc2d888f99ef9e273350e8e9692a8
  original: lts-15.2
