# This file was autogenerated by Stack.
# You should not edit this file by hand.
# For more information, please see the documentation at:
#   https://docs.haskellstack.org/en/stable/topics/lock_files

packages: []
snapshots:
- completed:
    sha256: aa97dce5253937e4aa56100a0a9dc1f79a554cf543ad7cfab0afe6ed42de2f31
    size: 724941
    url: https://raw.githubusercontent.com/commercialhaskell/stackage-snapshots/master/lts/24/3.yaml
  original: lts-24.3
